<?xml version="1.0" encoding="utf-8"?>
<Project ToolsVersion="4.0" xmlns="http://schemas.microsoft.com/developer/msbuild/2003">
  <ItemGroup>
    <Filter Include="Source Files">
      <UniqueIdentifier>{4FC737F1-C7A5-4376-A066-2A32D752A2FF}</UniqueIdentifier>
      <Extensions>cpp;c;cc;cxx;def;odl;idl;hpj;bat;asm;asmx</Extensions>
    </Filter>
    <Filter Include="Header Files">
      <UniqueIdentifier>{93995380-89BD-4b04-88EB-625FBE52EBFB}</UniqueIdentifier>
      <Extensions>h;hpp;hxx;hm;inl;inc;xsd</Extensions>
    </Filter>
    <Filter Include="Resource Files">
      <UniqueIdentifier>{67DA6AB6-F800-4c08-8B7A-83BB121AAD01}</UniqueIdentifier>
      <Extensions>rc;ico;cur;bmp;dlg;rc2;rct;bin;rgs;gif;jpg;jpeg;jpe;resx;tiff;tif;png;wav;mfcribbon-ms</Extensions>
    </Filter>
  </ItemGroup>
  <ItemGroup>
    <ClInclude Include="bitmap.h">
      <Filter>Header Files</Filter>
    </ClInclude>
    <ClInclude Include="camera.h">
      <Filter>Header Files</Filter>
    </ClInclude>
    <ClInclude Include="classlist.h">
      <Filter>Header Files</Filter>
    </ClInclude>
    <ClInclude Include="colorshader.h">
      <Filter>Header Files</Filter>
    </ClInclude>
    <ClInclude Include="d3dgraphics.h">
      <Filter>Header Files</Filter>
    </ClInclude>
    <ClInclude Include="font.h">
      <Filter>Header Files</Filter>
    </ClInclude>
    <ClInclude Include="fontshader.h">
      <Filter>Header Files</Filter>
    </ClInclude>
    <ClInclude Include="fps.h">
      <Filter>Header Files</Filter>
    </ClInclude>
    <ClInclude Include="gapp.h">
      <Filter>Header Files</Filter>
    </ClInclude>
    <ClInclude Include="graphics.h">
      <Filter>Header Files</Filter>
    </ClInclude>
    <ClInclude Include="gui.h">
      <Filter>Header Files</Filter>
    </ClInclude>
    <ClInclude Include="helpers.h">
      <Filter>Header Files</Filter>
    </ClInclude>
    <ClInclude Include="input.h">
      <Filter>Header Files</Filter>
    </ClInclude>
    <ClInclude Include="progressbar.h">
      <Filter>Header Files</Filter>
    </ClInclude>
    <ClInclude Include="text.h">
      <Filter>Header Files</Filter>
    </ClInclude>
    <ClInclude Include="texture.h">
      <Filter>Header Files</Filter>
    </ClInclude>
    <ClInclude Include="texturemanager.h">
      <Filter>Header Files</Filter>
    </ClInclude>
    <ClInclude Include="textureshader.h">
      <Filter>Header Files</Filter>
    </ClInclude>
    <ClInclude Include="timer.h">
      <Filter>Header Files</Filter>
    </ClInclude>
    <ClInclude Include="window.h">
      <Filter>Header Files</Filter>
    </ClInclude>
    <ClInclude Include="gamestate.h">
      <Filter>Header Files</Filter>
    </ClInclude>
    <ClInclude Include="gamestatemanager.h">
      <Filter>Header Files</Filter>
    </ClInclude>
    <ClInclude Include="mainmenustate.h">
      <Filter>Header Files</Filter>
    </ClInclude>
    <ClInclude Include="trackstate.h">
      <Filter>Header Files</Filter>
    </ClInclude>
    <ClInclude Include="model.h">
      <Filter>Header Files</Filter>
    </ClInclude>
    <ClInclude Include="light.h">
      <Filter>Header Files</Filter>
    </ClInclude>
    <ClInclude Include="lightshader.h">
      <Filter>Header Files</Filter>
    </ClInclude>
    <ClInclude Include="renderable.h">
      <Filter>Header Files</Filter>
    </ClInclude>
    <ClInclude Include="tracksegment.h">
      <Filter>Header Files</Filter>
    </ClInclude>
    <ClInclude Include="vector.h">
      <Filter>Header Files</Filter>
    </ClInclude>
    <ClInclude Include="trackline.h">
      <Filter>Header Files</Filter>
    </ClInclude>
    <ClInclude Include="trackmanager.h">
      <Filter>Header Files</Filter>
    </ClInclude>
    <ClInclude Include="ship.h">
      <Filter>Header Files</Filter>
    </ClInclude>
    <ClInclude Include="quaternion.h">
      <Filter>Header Files</Filter>
    </ClInclude>
    <ClInclude Include="springcamera.h">
      <Filter>Header Files</Filter>
    </ClInclude>
    <ClInclude Include="tracktube.h">
      <Filter>Header Files</Filter>
    </ClInclude>
    <ClInclude Include="basecamera.h">
      <Filter>Header Files</Filter>
    </ClInclude>
    <ClInclude Include="billboard.h">
      <Filter>Header Files</Filter>
    </ClInclude>
    <ClInclude Include="selectionstate.h">
      <Filter>Header Files</Filter>
    </ClInclude>
    <ClInclude Include="level.h">
      <Filter>Header Files</Filter>
    </ClInclude>
    <ClInclude Include="modelmanager.h">
      <Filter>Header Files</Filter>
    </ClInclude>
    <ClInclude Include="shieldshader.h">
      <Filter>Header Files</Filter>
    </ClInclude>
    <ClInclude Include="shield.h">
      <Filter>Header Files</Filter>
    </ClInclude>
    <ClInclude Include="collidable.h">
      <Filter>Header Files</Filter>
    </ClInclude>
    <ClInclude Include="ring.h">
      <Filter>Header Files</Filter>
    </ClInclude>
    <ClInclude Include="debris.h">
      <Filter>Header Files</Filter>
    </ClInclude>
    <ClInclude Include="shot.h">
      <Filter>Header Files</Filter>
    </ClInclude>
    <ClInclude Include="testingstate.h">
      <Filter>Header Files</Filter>
    </ClInclude>
    <ClInclude Include="tubeshader.h">
      <Filter>Header Files</Filter>
    </ClInclude>
  </ItemGroup>
  <ItemGroup>
    <ClCompile Include="bitmap.cpp">
      <Filter>Source Files</Filter>
    </ClCompile>
    <ClCompile Include="camera.cpp">
      <Filter>Source Files</Filter>
    </ClCompile>
    <ClCompile Include="colorshader.cpp">
      <Filter>Source Files</Filter>
    </ClCompile>
    <ClCompile Include="d3dgraphics.cpp">
      <Filter>Source Files</Filter>
    </ClCompile>
    <ClCompile Include="font.cpp">
      <Filter>Source Files</Filter>
    </ClCompile>
    <ClCompile Include="fontshader.cpp">
      <Filter>Source Files</Filter>
    </ClCompile>
    <ClCompile Include="fps.cpp">
      <Filter>Source Files</Filter>
    </ClCompile>
    <ClCompile Include="gapp.cpp">
      <Filter>Source Files</Filter>
    </ClCompile>
    <ClCompile Include="graphics.cpp">
      <Filter>Source Files</Filter>
    </ClCompile>
    <ClCompile Include="gui.cpp">
      <Filter>Source Files</Filter>
    </ClCompile>
    <ClCompile Include="helpers.cpp">
      <Filter>Source Files</Filter>
    </ClCompile>
    <ClCompile Include="input.cpp">
      <Filter>Source Files</Filter>
    </ClCompile>
    <ClCompile Include="progressbar.cpp">
      <Filter>Source Files</Filter>
    </ClCompile>
    <ClCompile Include="text.cpp">
      <Filter>Source Files</Filter>
    </ClCompile>
    <ClCompile Include="texture.cpp">
      <Filter>Source Files</Filter>
    </ClCompile>
    <ClCompile Include="texturemanager.cpp">
      <Filter>Source Files</Filter>
    </ClCompile>
    <ClCompile Include="textureshader.cpp">
      <Filter>Source Files</Filter>
    </ClCompile>
    <ClCompile Include="timer.cpp">
      <Filter>Source Files</Filter>
    </ClCompile>
    <ClCompile Include="window.cpp">
      <Filter>Source Files</Filter>
    </ClCompile>
    <ClCompile Include="main.cpp">
      <Filter>Source Files</Filter>
    </ClCompile>
    <ClCompile Include="gamestatemanager.cpp">
      <Filter>Source Files</Filter>
    </ClCompile>
    <ClCompile Include="mainmenustate.cpp">
      <Filter>Source Files</Filter>
    </ClCompile>
    <ClCompile Include="trackstate.cpp">
      <Filter>Source Files</Filter>
    </ClCompile>
    <ClCompile Include="model.cpp">
      <Filter>Source Files</Filter>
    </ClCompile>
    <ClCompile Include="light.cpp">
      <Filter>Source Files</Filter>
    </ClCompile>
    <ClCompile Include="lightshader.cpp">
      <Filter>Source Files</Filter>
    </ClCompile>
    <ClCompile Include="tracksegment.cpp">
      <Filter>Source Files</Filter>
    </ClCompile>
    <ClCompile Include="trackline.cpp">
      <Filter>Source Files</Filter>
    </ClCompile>
    <ClCompile Include="trackmanager.cpp">
      <Filter>Source Files</Filter>
    </ClCompile>
    <ClCompile Include="ship.cpp">
      <Filter>Source Files</Filter>
    </ClCompile>
    <ClCompile Include="springcamera.cpp">
      <Filter>Source Files</Filter>
    </ClCompile>
    <ClCompile Include="tracktube.cpp">
      <Filter>Source Files</Filter>
    </ClCompile>
    <ClCompile Include="billboard.cpp">
      <Filter>Source Files</Filter>
    </ClCompile>
    <ClCompile Include="selectionstate.cpp">
      <Filter>Source Files</Filter>
    </ClCompile>
    <ClCompile Include="level.cpp">
      <Filter>Source Files</Filter>
    </ClCompile>
    <ClCompile Include="modelmanager.cpp">
      <Filter>Source Files</Filter>
    </ClCompile>
    <ClCompile Include="shieldshader.cpp">
      <Filter>Source Files</Filter>
    </ClCompile>
    <ClCompile Include="shield.cpp">
      <Filter>Source Files</Filter>
    </ClCompile>
    <ClCompile Include="ring.cpp">
      <Filter>Source Files</Filter>
    </ClCompile>
    <ClCompile Include="debris.cpp">
      <Filter>Source Files</Filter>
    </ClCompile>
    <ClCompile Include="testingstate.cpp">
      <Filter>Source Files</Filter>
    </ClCompile>
    <ClCompile Include="tubeshader.cpp">
      <Filter>Source Files</Filter>
    </ClCompile>
  </ItemGroup>
  <ItemGroup>
    <None Include="color.ps">
      <Filter>Resource Files</Filter>
    </None>
    <None Include="texture.vs">
      <Filter>Resource Files</Filter>
    </None>
    <None Include="color.vs">
      <Filter>Resource Files</Filter>
    </None>
    <None Include="font.ps">
      <Filter>Resource Files</Filter>
    </None>
    <None Include="font.vs">
      <Filter>Resource Files</Filter>
    </None>
    <None Include="texture.ps">
      <Filter>Resource Files</Filter>
    </None>
    <None Include="light.vs">
      <Filter>Resource Files</Filter>
    </None>
    <None Include="light.ps">
      <Filter>Resource Files</Filter>
    </None>
    <None Include="shield.ps">
      <Filter>Resource Files</Filter>
    </None>
    <None Include="shield.vs">
      <Filter>Resource Files</Filter>
    </None>
    <None Include="tube.vs">
      <Filter>Resource Files</Filter>
    </None>
    <None Include="tube.ps">
      <Filter>Resource Files</Filter>
    </None>
  </ItemGroup>
</Project>